// !$*UTF8*$!
{
	archiveVersion = 1;
	classes = {
	};
	objectVersion = 77;
	objects = {

/* Begin PBXContainerItemProxy section */
		627CF0BC2D0249A800D9CF63 /* PBXContainerItemProxy */ = {
			isa = PBXContainerItemProxy;
			containerPortal = 627CF0A32D0249A500D9CF63 /* Project object */;
			proxyType = 1;
			remoteGlobalIDString = 627CF0AA2D0249A500D9CF63;
			remoteInfo = receipt_scanner_ios;
		};
		627CF0C62D0249A800D9CF63 /* PBXContainerItemProxy */ = {
			isa = PBXContainerItemProxy;
			containerPortal = 627CF0A32D0249A500D9CF63 /* Project object */;
			proxyType = 1;
			remoteGlobalIDString = 627CF0AA2D0249A500D9CF63;
			remoteInfo = receipt_scanner_ios;
		};
/* End PBXContainerItemProxy section */

/* Begin PBXFileReference section */
		627CF0AB2D0249A500D9CF63 /* receipt_scanner_ios.app */ = {isa = PBXFileReference; explicitFileType = wrapper.application; includeInIndex = 0; path = receipt_scanner_ios.app; sourceTree = BUILT_PRODUCTS_DIR; };
		627CF0BB2D0249A800D9CF63 /* receipt_scanner_iosTests.xctest */ = {isa = PBXFileReference; explicitFileType = wrapper.cfbundle; includeInIndex = 0; path = receipt_scanner_iosTests.xctest; sourceTree = BUILT_PRODUCTS_DIR; };
		627CF0C52D0249A800D9CF63 /* receipt_scanner_iosUITests.xctest */ = {isa = PBXFileReference; explicitFileType = wrapper.cfbundle; includeInIndex = 0; path = receipt_scanner_iosUITests.xctest; sourceTree = BUILT_PRODUCTS_DIR; };
/* End PBXFileReference section */

/* Begin PBXFileSystemSynchronizedRootGroup section */
		627CF0AD2D0249A500D9CF63 /* receipt_scanner_ios */ = {
			isa = PBXFileSystemSynchronizedRootGroup;
			path = receipt_scanner_ios;
			sourceTree = "<group>";
		};
		627CF0BE2D0249A800D9CF63 /* receipt_scanner_iosTests */ = {
			isa = PBXFileSystemSynchronizedRootGroup;
			path = receipt_scanner_iosTests;
			sourceTree = "<group>";
		};
		627CF0C82D0249A800D9CF63 /* receipt_scanner_iosUITests */ = {
			isa = PBXFileSystemSynchronizedRootGroup;
			path = receipt_scanner_iosUITests;
			sourceTree = "<group>";
		};
/* End PBXFileSystemSynchronizedRootGroup section */

/* Begin PBXFrameworksBuildPhase section */
		627CF0A82D0249A500D9CF63 /* Frameworks */ = {
			isa = PBXFrameworksBuildPhase;
			buildActionMask = 2147483647;
			files = (
			);
			runOnlyForDeploymentPostprocessing = 0;
		};
		627CF0B82D0249A800D9CF63 /* Frameworks */ = {
			isa = PBXFrameworksBuildPhase;
			buildActionMask = 2147483647;
			files = (
			);
			runOnlyForDeploymentPostprocessing = 0;
		};
		627CF0C22D0249A800D9CF63 /* Frameworks */ = {
			isa = PBXFrameworksBuildPhase;
			buildActionMask = 2147483647;
			files = (
			);
			runOnlyForDeploymentPostprocessing = 0;
		};
/* End PBXFrameworksBuildPhase section */

/* Begin PBXGroup section */
		627CF0A22D0249A500D9CF63 = {
			isa = PBXGroup;
			children = (
				627CF0AD2D0249A500D9CF63 /* receipt_scanner_ios */,
				627CF0BE2D0249A800D9CF63 /* receipt_scanner_iosTests */,
				627CF0C82D0249A800D9CF63 /* receipt_scanner_iosUITests */,
				627CF0AC2D0249A500D9CF63 /* Products */,
			);
			sourceTree = "<group>";
		};
		627CF0AC2D0249A500D9CF63 /* Products */ = {
			isa = PBXGroup;
			children = (
				627CF0AB2D0249A500D9CF63 /* receipt_scanner_ios.app */,
				627CF0BB2D0249A800D9CF63 /* receipt_scanner_iosTests.xctest */,
				627CF0C52D0249A800D9CF63 /* receipt_scanner_iosUITests.xctest */,
			);
			name = Products;
			sourceTree = "<group>";
		};
/* End PBXGroup section */

/* Begin PBXNativeTarget section */
		627CF0AA2D0249A500D9CF63 /* receipt_scanner_ios */ = {
			isa = PBXNativeTarget;
			buildConfigurationList = 627CF0CF2D0249A800D9CF63 /* Build configuration list for PBXNativeTarget "receipt_scanner_ios" */;
			buildPhases = (
				627CF0A72D0249A500D9CF63 /* Sources */,
				627CF0A82D0249A500D9CF63 /* Frameworks */,
				627CF0A92D0249A500D9CF63 /* Resources */,
			);
			buildRules = (
			);
			dependencies = (
			);
			fileSystemSynchronizedGroups = (
				627CF0AD2D0249A500D9CF63 /* receipt_scanner_ios */,
			);
			name = receipt_scanner_ios;
			packageProductDependencies = (
			);
			productName = receipt_scanner_ios;
			productReference = 627CF0AB2D0249A500D9CF63 /* receipt_scanner_ios.app */;
			productType = "com.apple.product-type.application";
		};
		627CF0BA2D0249A800D9CF63 /* receipt_scanner_iosTests */ = {
			isa = PBXNativeTarget;
			buildConfigurationList = 627CF0D22D0249A800D9CF63 /* Build configuration list for PBXNativeTarget "receipt_scanner_iosTests" */;
			buildPhases = (
				627CF0B72D0249A800D9CF63 /* Sources */,
				627CF0B82D0249A800D9CF63 /* Frameworks */,
				627CF0B92D0249A800D9CF63 /* Resources */,
			);
			buildRules = (
			);
			dependencies = (
				627CF0BD2D0249A800D9CF63 /* PBXTargetDependency */,
			);
			fileSystemSynchronizedGroups = (
				627CF0BE2D0249A800D9CF63 /* receipt_scanner_iosTests */,
			);
			name = receipt_scanner_iosTests;
			packageProductDependencies = (
			);
			productName = receipt_scanner_iosTests;
			productReference = 627CF0BB2D0249A800D9CF63 /* receipt_scanner_iosTests.xctest */;
			productType = "com.apple.product-type.bundle.unit-test";
		};
		627CF0C42D0249A800D9CF63 /* receipt_scanner_iosUITests */ = {
			isa = PBXNativeTarget;
			buildConfigurationList = 627CF0D52D0249A800D9CF63 /* Build configuration list for PBXNativeTarget "receipt_scanner_iosUITests" */;
			buildPhases = (
				627CF0C12D0249A800D9CF63 /* Sources */,
				627CF0C22D0249A800D9CF63 /* Frameworks */,
				627CF0C32D0249A800D9CF63 /* Resources */,
			);
			buildRules = (
			);
			dependencies = (
				627CF0C72D0249A800D9CF63 /* PBXTargetDependency */,
			);
			fileSystemSynchronizedGroups = (
				627CF0C82D0249A800D9CF63 /* receipt_scanner_iosUITests */,
			);
			name = receipt_scanner_iosUITests;
			packageProductDependencies = (
			);
			productName = receipt_scanner_iosUITests;
			productReference = 627CF0C52D0249A800D9CF63 /* receipt_scanner_iosUITests.xctest */;
			productType = "com.apple.product-type.bundle.ui-testing";
		};
/* End PBXNativeTarget section */

/* Begin PBXProject section */
		627CF0A32D0249A500D9CF63 /* Project object */ = {
			isa = PBXProject;
			attributes = {
				BuildIndependentTargetsInParallel = 1;
				LastSwiftUpdateCheck = 1610;
				LastUpgradeCheck = 1610;
				TargetAttributes = {
					627CF0AA2D0249A500D9CF63 = {
						CreatedOnToolsVersion = 16.1;
					};
					627CF0BA2D0249A800D9CF63 = {
						CreatedOnToolsVersion = 16.1;
						TestTargetID = 627CF0AA2D0249A500D9CF63;
					};
					627CF0C42D0249A800D9CF63 = {
						CreatedOnToolsVersion = 16.1;
						TestTargetID = 627CF0AA2D0249A500D9CF63;
					};
				};
			};
			buildConfigurationList = 627CF0A62D0249A500D9CF63 /* Build configuration list for PBXProject "receipt_scanner_ios" */;
			developmentRegion = en;
			hasScannedForEncodings = 0;
			knownRegions = (
				en,
				Base,
			);
			mainGroup = 627CF0A22D0249A500D9CF63;
			minimizedProjectReferenceProxies = 1;
			preferredProjectObjectVersion = 77;
			productRefGroup = 627CF0AC2D0249A500D9CF63 /* Products */;
			projectDirPath = "";
			projectRoot = "";
			targets = (
				627CF0AA2D0249A500D9CF63 /* receipt_scanner_ios */,
				627CF0BA2D0249A800D9CF63 /* receipt_scanner_iosTests */,
				627CF0C42D0249A800D9CF63 /* receipt_scanner_iosUITests */,
			);
		};
/* End PBXProject section */

/* Begin PBXResourcesBuildPhase section */
		627CF0A92D0249A500D9CF63 /* Resources */ = {
			isa = PBXResourcesBuildPhase;
			buildActionMask = 2147483647;
			files = (
			);
			runOnlyForDeploymentPostprocessing = 0;
		};
		627CF0B92D0249A800D9CF63 /* Resources */ = {
			isa = PBXResourcesBuildPhase;
			buildActionMask = 2147483647;
			files = (
			);
			runOnlyForDeploymentPostprocessing = 0;
		};
		627CF0C32D0249A800D9CF63 /* Resources */ = {
			isa = PBXResourcesBuildPhase;
			buildActionMask = 2147483647;
			files = (
			);
			runOnlyForDeploymentPostprocessing = 0;
		};
/* End PBXResourcesBuildPhase section */

/* Begin PBXSourcesBuildPhase section */
		627CF0A72D0249A500D9CF63 /* Sources */ = {
			isa = PBXSourcesBuildPhase;
			buildActionMask = 2147483647;
			files = (
			);
			runOnlyForDeploymentPostprocessing = 0;
		};
		627CF0B72D0249A800D9CF63 /* Sources */ = {
			isa = PBXSourcesBuildPhase;
			buildActionMask = 2147483647;
			files = (
			);
			runOnlyForDeploymentPostprocessing = 0;
		};
		627CF0C12D0249A800D9CF63 /* Sources */ = {
			isa = PBXSourcesBuildPhase;
			buildActionMask = 2147483647;
			files = (
			);
			runOnlyForDeploymentPostprocessing = 0;
		};
/* End PBXSourcesBuildPhase section */

/* Begin PBXTargetDependency section */
		627CF0BD2D0249A800D9CF63 /* PBXTargetDependency */ = {
			isa = PBXTargetDependency;
			target = 627CF0AA2D0249A500D9CF63 /* receipt_scanner_ios */;
			targetProxy = 627CF0BC2D0249A800D9CF63 /* PBXContainerItemProxy */;
		};
		627CF0C72D0249A800D9CF63 /* PBXTargetDependency */ = {
			isa = PBXTargetDependency;
			target = 627CF0AA2D0249A500D9CF63 /* receipt_scanner_ios */;
			targetProxy = 627CF0C62D0249A800D9CF63 /* PBXContainerItemProxy */;
		};
/* End PBXTargetDependency section */

/* Begin XCBuildConfiguration section */
		627CF0CD2D0249A800D9CF63 /* Debug */ = {
			isa = XCBuildConfiguration;
			buildSettings = {
				ALWAYS_SEARCH_USER_PATHS = NO;
				ASSETCATALOG_COMPILER_GENERATE_SWIFT_ASSET_SYMBOL_EXTENSIONS = YES;
				CLANG_ANALYZER_NONNULL = YES;
				CLANG_ANALYZER_NUMBER_OBJECT_CONVERSION = YES_AGGRESSIVE;
				CLANG_CXX_LANGUAGE_STANDARD = "gnu++20";
				CLANG_ENABLE_MODULES = YES;
				CLANG_ENABLE_OBJC_ARC = YES;
				CLANG_ENABLE_OBJC_WEAK = YES;
				CLANG_WARN_BLOCK_CAPTURE_AUTORELEASING = YES;
				CLANG_WARN_BOOL_CONVERSION = YES;
				CLANG_WARN_COMMA = YES;
				CLANG_WARN_CONSTANT_CONVERSION = YES;
				CLANG_WARN_DEPRECATED_OBJC_IMPLEMENTATIONS = YES;
				CLANG_WARN_DIRECT_OBJC_ISA_USAGE = YES_ERROR;
				CLANG_WARN_DOCUMENTATION_COMMENTS = YES;
				CLANG_WARN_EMPTY_BODY = YES;
				CLANG_WARN_ENUM_CONVERSION = YES;
				CLANG_WARN_INFINITE_RECURSION = YES;
				CLANG_WARN_INT_CONVERSION = YES;
				CLANG_WARN_NON_LITERAL_NULL_CONVERSION = YES;
				CLANG_WARN_OBJC_IMPLICIT_RETAIN_SELF = YES;
				CLANG_WARN_OBJC_LITERAL_CONVERSION = YES;
				CLANG_WARN_OBJC_ROOT_CLASS = YES_ERROR;
				CLANG_WARN_QUOTED_INCLUDE_IN_FRAMEWORK_HEADER = YES;
				CLANG_WARN_RANGE_LOOP_ANALYSIS = YES;
				CLANG_WARN_STRICT_PROTOTYPES = YES;
				CLANG_WARN_SUSPICIOUS_MOVE = YES;
				CLANG_WARN_UNGUARDED_AVAILABILITY = YES_AGGRESSIVE;
				CLANG_WARN_UNREACHABLE_CODE = YES;
				CLANG_WARN__DUPLICATE_METHOD_MATCH = YES;
				COPY_PHASE_STRIP = NO;
				DEBUG_INFORMATION_FORMAT = dwarf;
				ENABLE_STRICT_OBJC_MSGSEND = YES;
				ENABLE_TESTABILITY = YES;
				ENABLE_USER_SCRIPT_SANDBOXING = YES;
				GCC_C_LANGUAGE_STANDARD = gnu17;
				GCC_DYNAMIC_NO_PIC = NO;
				GCC_NO_COMMON_BLOCKS = YES;
				GCC_OPTIMIZATION_LEVEL = 0;
				GCC_PREPROCESSOR_DEFINITIONS = (
					"DEBUG=1",
					"$(inherited)",
				);
				GCC_WARN_64_TO_32_BIT_CONVERSION = YES;
				GCC_WARN_ABOUT_RETURN_TYPE = YES_ERROR;
				GCC_WARN_UNDECLARED_SELECTOR = YES;
				GCC_WARN_UNINITIALIZED_AUTOS = YES_AGGRESSIVE;
				GCC_WARN_UNUSED_FUNCTION = YES;
				GCC_WARN_UNUSED_VARIABLE = YES;
				IPHONEOS_DEPLOYMENT_TARGET = 18.1;
				LOCALIZATION_PREFERS_STRING_CATALOGS = YES;
				MTL_ENABLE_DEBUG_INFO = INCLUDE_SOURCE;
				MTL_FAST_MATH = YES;
				ONLY_ACTIVE_ARCH = YES;
				SDKROOT = iphoneos;
				SWIFT_ACTIVE_COMPILATION_CONDITIONS = "DEBUG $(inherited)";
				SWIFT_OPTIMIZATION_LEVEL = "-Onone";
			};
			name = Debug;
		};
		627CF0CE2D0249A800D9CF63 /* Release */ = {
			isa = XCBuildConfiguration;
			buildSettings = {
				ALWAYS_SEARCH_USER_PATHS = NO;
				ASSETCATALOG_COMPILER_GENERATE_SWIFT_ASSET_SYMBOL_EXTENSIONS = YES;
				CLANG_ANALYZER_NONNULL = YES;
				CLANG_ANALYZER_NUMBER_OBJECT_CONVERSION = YES_AGGRESSIVE;
				CLANG_CXX_LANGUAGE_STANDARD = "gnu++20";
				CLANG_ENABLE_MODULES = YES;
				CLANG_ENABLE_OBJC_ARC = YES;
				CLANG_ENABLE_OBJC_WEAK = YES;
				CLANG_WARN_BLOCK_CAPTURE_AUTORELEASING = YES;
				CLANG_WARN_BOOL_CONVERSION = YES;
				CLANG_WARN_COMMA = YES;
				CLANG_WARN_CONSTANT_CONVERSION = YES;
				CLANG_WARN_DEPRECATED_OBJC_IMPLEMENTATIONS = YES;
				CLANG_WARN_DIRECT_OBJC_ISA_USAGE = YES_ERROR;
				CLANG_WARN_DOCUMENTATION_COMMENTS = YES;
				CLANG_WARN_EMPTY_BODY = YES;
				CLANG_WARN_ENUM_CONVERSION = YES;
				CLANG_WARN_INFINITE_RECURSION = YES;
				CLANG_WARN_INT_CONVERSION = YES;
				CLANG_WARN_NON_LITERAL_NULL_CONVERSION = YES;
				CLANG_WARN_OBJC_IMPLICIT_RETAIN_SELF = YES;
				CLANG_WARN_OBJC_LITERAL_CONVERSION = YES;
				CLANG_WARN_OBJC_ROOT_CLASS = YES_ERROR;
				CLANG_WARN_QUOTED_INCLUDE_IN_FRAMEWORK_HEADER = YES;
				CLANG_WARN_RANGE_LOOP_ANALYSIS = YES;
				CLANG_WARN_STRICT_PROTOTYPES = YES;
				CLANG_WARN_SUSPICIOUS_MOVE = YES;
				CLANG_WARN_UNGUARDED_AVAILABILITY = YES_AGGRESSIVE;
				CLANG_WARN_UNREACHABLE_CODE = YES;
				CLANG_WARN__DUPLICATE_METHOD_MATCH = YES;
				COPY_PHASE_STRIP = NO;
				DEBUG_INFORMATION_FORMAT = "dwarf-with-dsym";
				ENABLE_NS_ASSERTIONS = NO;
				ENABLE_STRICT_OBJC_MSGSEND = YES;
				ENABLE_USER_SCRIPT_SANDBOXING = YES;
				GCC_C_LANGUAGE_STANDARD = gnu17;
				GCC_NO_COMMON_BLOCKS = YES;
				GCC_WARN_64_TO_32_BIT_CONVERSION = YES;
				GCC_WARN_ABOUT_RETURN_TYPE = YES_ERROR;
				GCC_WARN_UNDECLARED_SELECTOR = YES;
				GCC_WARN_UNINITIALIZED_AUTOS = YES_AGGRESSIVE;
				GCC_WARN_UNUSED_FUNCTION = YES;
				GCC_WARN_UNUSED_VARIABLE = YES;
				IPHONEOS_DEPLOYMENT_TARGET = 18.1;
				LOCALIZATION_PREFERS_STRING_CATALOGS = YES;
				MTL_ENABLE_DEBUG_INFO = NO;
				MTL_FAST_MATH = YES;
				SDKROOT = iphoneos;
				SWIFT_COMPILATION_MODE = wholemodule;
				VALIDATE_PRODUCT = YES;
			};
			name = Release;
		};
		627CF0D02D0249A800D9CF63 /* Debug */ = {
			isa = XCBuildConfiguration;
			buildSettings = {
				ASSETCATALOG_COMPILER_APPICON_NAME = AppIcon;
				ASSETCATALOG_COMPILER_GLOBAL_ACCENT_COLOR_NAME = AccentColor;
				CODE_SIGN_STYLE = Automatic;
				CURRENT_PROJECT_VERSION = 1;
				DEVELOPMENT_ASSET_PATHS = "\"receipt_scanner_ios/Preview Content\"";
				ENABLE_PREVIEWS = YES;
				GENERATE_INFOPLIST_FILE = YES;
				INFOPLIST_KEY_UIApplicationSceneManifest_Generation = YES;
				INFOPLIST_KEY_UIApplicationSupportsIndirectInputEvents = YES;
				INFOPLIST_KEY_UILaunchScreen_Generation = YES;
				INFOPLIST_KEY_UISupportedInterfaceOrientations_iPad = "UIInterfaceOrientationPortrait UIInterfaceOrientationPortraitUpsideDown UIInterfaceOrientationLandscapeLeft UIInterfaceOrientationLandscapeRight";
				INFOPLIST_KEY_UISupportedInterfaceOrientations_iPhone = "UIInterfaceOrientationPortrait UIInterfaceOrientationLandscapeLeft UIInterfaceOrientationLandscapeRight";
				LD_RUNPATH_SEARCH_PATHS = (
					"$(inherited)",
					"@executable_path/Frameworks",
				);
				MARKETING_VERSION = 1.0;
				PRODUCT_BUNDLE_IDENTIFIER = "computer.example.receipt-scanner-ios";
				PRODUCT_NAME = "$(TARGET_NAME)";
				SWIFT_EMIT_LOC_STRINGS = YES;
				SWIFT_VERSION = 5.0;
				TARGETED_DEVICE_FAMILY = "1,2";
			};
			name = Debug;
		};
		627CF0D12D0249A800D9CF63 /* Release */ = {
			isa = XCBuildConfiguration;
			buildSettings = {
				ASSETCATALOG_COMPILER_APPICON_NAME = AppIcon;
				ASSETCATALOG_COMPILER_GLOBAL_ACCENT_COLOR_NAME = AccentColor;
				CODE_SIGN_STYLE = Automatic;
				CURRENT_PROJECT_VERSION = 1;
				DEVELOPMENT_ASSET_PATHS = "\"receipt_scanner_ios/Preview Content\"";
				ENABLE_PREVIEWS = YES;
				GENERATE_INFOPLIST_FILE = YES;
				INFOPLIST_KEY_UIApplicationSceneManifest_Generation = YES;
				INFOPLIST_KEY_UIApplicationSupportsIndirectInputEvents = YES;
				INFOPLIST_KEY_UILaunchScreen_Generation = YES;
				INFOPLIST_KEY_UISupportedInterfaceOrientations_iPad = "UIInterfaceOrientationPortrait UIInterfaceOrientationPortraitUpsideDown UIInterfaceOrientationLandscapeLeft UIInterfaceOrientationLandscapeRight";
				INFOPLIST_KEY_UISupportedInterfaceOrientations_iPhone = "UIInterfaceOrientationPortrait UIInterfaceOrientationLandscapeLeft UIInterfaceOrientationLandscapeRight";
				LD_RUNPATH_SEARCH_PATHS = (
					"$(inherited)",
					"@executable_path/Frameworks",
				);
				MARKETING_VERSION = 1.0;
				PRODUCT_BUNDLE_IDENTIFIER = "computer.example.receipt-scanner-ios";
				PRODUCT_NAME = "$(TARGET_NAME)";
				SWIFT_EMIT_LOC_STRINGS = YES;
				SWIFT_VERSION = 5.0;
				TARGETED_DEVICE_FAMILY = "1,2";
			};
			name = Release;
		};
		627CF0D32D0249A800D9CF63 /* Debug */ = {
			isa = XCBuildConfiguration;
			buildSettings = {
				BUNDLE_LOADER = "$(TEST_HOST)";
				CODE_SIGN_STYLE = Automatic;
				CURRENT_PROJECT_VERSION = 1;
				GENERATE_INFOPLIST_FILE = YES;
				IPHONEOS_DEPLOYMENT_TARGET = 18.1;
				MARKETING_VERSION = 1.0;
				PRODUCT_BUNDLE_IDENTIFIER = "computer.example.receipt-scanner-iosTests";
				PRODUCT_NAME = "$(TARGET_NAME)";
				SWIFT_EMIT_LOC_STRINGS = NO;
				SWIFT_VERSION = 5.0;
				TARGETED_DEVICE_FAMILY = "1,2";
				TEST_HOST = "$(BUILT_PRODUCTS_DIR)/receipt_scanner_ios.app/$(BUNDLE_EXECUTABLE_FOLDER_PATH)/receipt_scanner_ios";
			};
			name = Debug;
		};
		627CF0D42D0249A800D9CF63 /* Release */ = {
			isa = XCBuildConfiguration;
			buildSettings = {
				BUNDLE_LOADER = "$(TEST_HOST)";
				CODE_SIGN_STYLE = Automatic;
				CURRENT_PROJECT_VERSION = 1;
				GENERATE_INFOPLIST_FILE = YES;
				IPHONEOS_DEPLOYMENT_TARGET = 18.1;
				MARKETING_VERSION = 1.0;
				PRODUCT_BUNDLE_IDENTIFIER = "computer.example.receipt-scanner-iosTests";
				PRODUCT_NAME = "$(TARGET_NAME)";
				SWIFT_EMIT_LOC_STRINGS = NO;
				SWIFT_VERSION = 5.0;
				TARGETED_DEVICE_FAMILY = "1,2";
				TEST_HOST = "$(BUILT_PRODUCTS_DIR)/receipt_scanner_ios.app/$(BUNDLE_EXECUTABLE_FOLDER_PATH)/receipt_scanner_ios";
			};
			name = Release;
		};
		627CF0D62D0249A800D9CF63 /* Debug */ = {
			isa = XCBuildConfiguration;
			buildSettings = {
				CODE_SIGN_STYLE = Automatic;
				CURRENT_PROJECT_VERSION = 1;
				GENERATE_INFOPLIST_FILE = YES;
				MARKETING_VERSION = 1.0;
				PRODUCT_BUNDLE_IDENTIFIER = "computer.example.receipt-scanner-iosUITests";
				PRODUCT_NAME = "$(TARGET_NAME)";
				SWIFT_EMIT_LOC_STRINGS = NO;
				SWIFT_VERSION = 5.0;
				TARGETED_DEVICE_FAMILY = "1,2";
				TEST_TARGET_NAME = receipt_scanner_ios;
			};
			name = Debug;
		};
		627CF0D72D0249A800D9CF63 /* Release */ = {
			isa = XCBuildConfiguration;
			buildSettings = {
				CODE_SIGN_STYLE = Automatic;
				CURRENT_PROJECT_VERSION = 1;
				GENERATE_INFOPLIST_FILE = YES;
				MARKETING_VERSION = 1.0;
				PRODUCT_BUNDLE_IDENTIFIER = "computer.example.receipt-scanner-iosUITests";
				PRODUCT_NAME = "$(TARGET_NAME)";
				SWIFT_EMIT_LOC_STRINGS = NO;
				SWIFT_VERSION = 5.0;
				TARGETED_DEVICE_FAMILY = "1,2";
				TEST_TARGET_NAME = receipt_scanner_ios;
			};
			name = Release;
		};
/* End XCBuildConfiguration section */

/* Begin XCConfigurationList section */
		627CF0A62D0249A500D9CF63 /* Build configuration list for PBXProject "receipt_scanner_ios" */ = {
			isa = XCConfigurationList;
			buildConfigurations = (
				627CF0CD2D0249A800D9CF63 /* Debug */,
				627CF0CE2D0249A800D9CF63 /* Release */,
			);
			defaultConfigurationIsVisible = 0;
			defaultConfigurationName = Release;
		};
		627CF0CF2D0249A800D9CF63 /* Build configuration list for PBXNativeTarget "receipt_scanner_ios" */ = {
			isa = XCConfigurationList;
			buildConfigurations = (
				627CF0D02D0249A800D9CF63 /* Debug */,
				627CF0D12D0249A800D9CF63 /* Release */,
			);
			defaultConfigurationIsVisible = 0;
			defaultConfigurationName = Release;
		};
		627CF0D22D0249A800D9CF63 /* Build configuration list for PBXNativeTarget "receipt_scanner_iosTests" */ = {
			isa = XCConfigurationList;
			buildConfigurations = (
				627CF0D32D0249A800D9CF63 /* Debug */,
				627CF0D42D0249A800D9CF63 /* Release */,
			);
			defaultConfigurationIsVisible = 0;
			defaultConfigurationName = Release;
		};
		627CF0D52D0249A800D9CF63 /* Build configuration list for PBXNativeTarget "receipt_scanner_iosUITests" */ = {
			isa = XCConfigurationList;
			buildConfigurations = (
				627CF0D62D0249A800D9CF63 /* Debug */,
				627CF0D72D0249A800D9CF63 /* Release */,
			);
			defaultConfigurationIsVisible = 0;
			defaultConfigurationName = Release;
		};
/* End XCConfigurationList section */
	};
	rootObject = 627CF0A32D0249A500D9CF63 /* Project object */;
}
